{
  "nodes": {
    "nixpkgs": {
      "locked": {
        "lastModified": 1762376613,
        "narHash": "sha256-kv3wEEa2er7O/lvpwA9OVvidw/tw+XXL0kSZamvfA/E=",
        "owner": "NixOS",
        "repo": "nixpkgs",
        "rev": "1838511aa9b0c4595e49636e5b5d8edc9c60af4a",
        "type": "github"
      },
      "original": {
        "owner": "NixOS",
        "repo": "nixpkgs",
        "type": "github"
      }
    },
    "root": {
      "inputs": {
        "nixpkgs": "nixpkgs"
      }
    }
  },
  "root": "root",
  "version": 7
}
